
Microsoft Visual Studio Solution File, Format Version 12.00
# Visual Studio Version 17
VisualStudioVersion = 17.12.35707.178
MinimumVisualStudioVersion = 10.0.40219.1
Project("{FAE04EC0-301F-11D3-BF4B-00C04F79EFBC}") = "Business logic - rabbit", "Business logic - rabbit\Business logic - rabbit.csproj", "{6E2186B9-C59D-4F20-9ACD-67D05EF29AA2}"
EndProject
Project("{FAE04EC0-301F-11D3-BF4B-00C04F79EFBC}") = "Console-Rabbit", "Console-Rabbit\Console-Rabbit.csproj", "{3BACC693-DDBA-4AEB-942B-629390CDC2FB}"
EndProject
Project("{FAE04EC0-301F-11D3-BF4B-00C04F79EFBC}") = "WF_Rabbit", "WF_Rabbit\WF_Rabbit.csproj", "{CAC10E00-4675-4F4E-9ECE-6597126A87E5}"
EndProject
Project("{FAE04EC0-301F-11D3-BF4B-00C04F79EFBC}") = "RabbitModel", "RabbitModel\RabbitModel.csproj", "{2CBBA9C2-8061-4B8C-9F55-E593CBFB4B87}"
EndProject
Project("{FAE04EC0-301F-11D3-BF4B-00C04F79EFBC}") = "RabbitDAL", "RabbitDAL\RabbitDAL.csproj", "{0E40BA35-D878-4D68-8AB9-A2BF73ECD2DC}"
EndProject
Project("{FAE04EC0-301F-11D3-BF4B-00C04F79EFBC}") = "RabbitPresenter", "RabbitPresenter\RabbitPresenter.csproj", "{C38DFA05-B409-45DB-B7C3-5D5DC5BEE5BF}"
EndProject
Project("{FAE04EC0-301F-11D3-BF4B-00C04F79EFBC}") = "RabbitView", "RabbitView\RabbitView.csproj", "{BABC5D20-042A-4D3C-9CA8-A34449E746EE}"
EndProject
Project("{FAE04EC0-301F-11D3-BF4B-00C04F79EFBC}") = "RabbitStarter", "RabbitStarter\RabbitStarter.csproj", "{C7B59EFB-56E1-454A-9210-1C7A10F293CB}"
EndProject
Project("{FAE04EC0-301F-11D3-BF4B-00C04F79EFBC}") = "RabbitConsoleMVP", "RabbitConsoleMVP\RabbitConsoleMVP.csproj", "{7208D652-BC34-4CA6-B0D4-F965E5DF9085}"
EndProject
Project("{FAE04EC0-301F-11D3-BF4B-00C04F79EFBC}") = "BusinessLogicMVP", "BusinessLogicMVP\BusinessLogicMVP.csproj", "{BB02B435-C75F-4B82-96EB-3CA736366061}"
EndProject
Project("{FAE04EC0-301F-11D3-BF4B-00C04F79EFBC}") = "RabbitSharedMVP", "RabbitSharedMVP\RabbitSharedMVP.csproj", "{C3A5161F-D074-4FE6-B6D6-F4206E3357C5}"
EndProject
Project("{FAE04EC0-301F-11D3-BF4B-00C04F79EFBC}") = "RabbitViewModels", "RabbitViewModels\RabbitViewModels.csproj", "{40B6F122-107F-4807-82CA-B4B710D9D72B}"
EndProject
Project("{FAE04EC0-301F-11D3-BF4B-00C04F79EFBC}") = "RabbitWPFApp", "RabbitWPFApp\RabbitWPFApp.csproj", "{912CC180-1F6F-420B-BB6B-DABEA708C6C7}"
EndProject
Project("{FAE04EC0-301F-11D3-BF4B-00C04F79EFBC}") = "RabbitConsoleMVVM", "RabbitConsoleMVVM\RabbitConsoleMVVM.csproj", "{D82183DF-796A-4965-B601-5D720BE77240}"
EndProject
Project("{FAE04EC0-301F-11D3-BF4B-00C04F79EFBC}") = "ViewManager", "ViewManager\ViewManager.csproj", "{63BE8F0F-0848-4D37-AC8C-A2D0CA0014D0}"
EndProject
Global
	GlobalSection(SolutionConfigurationPlatforms) = preSolution
		Debug|Any CPU = Debug|Any CPU
		Release|Any CPU = Release|Any CPU
	EndGlobalSection
	GlobalSection(ProjectConfigurationPlatforms) = postSolution
		{6E2186B9-C59D-4F20-9ACD-67D05EF29AA2}.Debug|Any CPU.ActiveCfg = Debug|Any CPU
		{6E2186B9-C59D-4F20-9ACD-67D05EF29AA2}.Debug|Any CPU.Build.0 = Debug|Any CPU
		{6E2186B9-C59D-4F20-9ACD-67D05EF29AA2}.Release|Any CPU.ActiveCfg = Release|Any CPU
		{6E2186B9-C59D-4F20-9ACD-67D05EF29AA2}.Release|Any CPU.Build.0 = Release|Any CPU
		{3BACC693-DDBA-4AEB-942B-629390CDC2FB}.Debug|Any CPU.ActiveCfg = Debug|Any CPU
		{3BACC693-DDBA-4AEB-942B-629390CDC2FB}.Debug|Any CPU.Build.0 = Debug|Any CPU
		{3BACC693-DDBA-4AEB-942B-629390CDC2FB}.Release|Any CPU.ActiveCfg = Release|Any CPU
		{3BACC693-DDBA-4AEB-942B-629390CDC2FB}.Release|Any CPU.Build.0 = Release|Any CPU
		{CAC10E00-4675-4F4E-9ECE-6597126A87E5}.Debug|Any CPU.ActiveCfg = Debug|Any CPU
		{CAC10E00-4675-4F4E-9ECE-6597126A87E5}.Debug|Any CPU.Build.0 = Debug|Any CPU
		{CAC10E00-4675-4F4E-9ECE-6597126A87E5}.Release|Any CPU.ActiveCfg = Release|Any CPU
		{CAC10E00-4675-4F4E-9ECE-6597126A87E5}.Release|Any CPU.Build.0 = Release|Any CPU
		{2CBBA9C2-8061-4B8C-9F55-E593CBFB4B87}.Debug|Any CPU.ActiveCfg = Debug|Any CPU
		{2CBBA9C2-8061-4B8C-9F55-E593CBFB4B87}.Debug|Any CPU.Build.0 = Debug|Any CPU
		{2CBBA9C2-8061-4B8C-9F55-E593CBFB4B87}.Release|Any CPU.ActiveCfg = Release|Any CPU
		{2CBBA9C2-8061-4B8C-9F55-E593CBFB4B87}.Release|Any CPU.Build.0 = Release|Any CPU
		{0E40BA35-D878-4D68-8AB9-A2BF73ECD2DC}.Debug|Any CPU.ActiveCfg = Debug|Any CPU
		{0E40BA35-D878-4D68-8AB9-A2BF73ECD2DC}.Debug|Any CPU.Build.0 = Debug|Any CPU
		{0E40BA35-D878-4D68-8AB9-A2BF73ECD2DC}.Release|Any CPU.ActiveCfg = Release|Any CPU
		{0E40BA35-D878-4D68-8AB9-A2BF73ECD2DC}.Release|Any CPU.Build.0 = Release|Any CPU
		{C38DFA05-B409-45DB-B7C3-5D5DC5BEE5BF}.Debug|Any CPU.ActiveCfg = Debug|Any CPU
		{C38DFA05-B409-45DB-B7C3-5D5DC5BEE5BF}.Debug|Any CPU.Build.0 = Debug|Any CPU
		{C38DFA05-B409-45DB-B7C3-5D5DC5BEE5BF}.Release|Any CPU.ActiveCfg = Release|Any CPU
		{C38DFA05-B409-45DB-B7C3-5D5DC5BEE5BF}.Release|Any CPU.Build.0 = Release|Any CPU
		{BABC5D20-042A-4D3C-9CA8-A34449E746EE}.Debug|Any CPU.ActiveCfg = Debug|Any CPU
		{BABC5D20-042A-4D3C-9CA8-A34449E746EE}.Debug|Any CPU.Build.0 = Debug|Any CPU
		{BABC5D20-042A-4D3C-9CA8-A34449E746EE}.Release|Any CPU.ActiveCfg = Release|Any CPU
		{BABC5D20-042A-4D3C-9CA8-A34449E746EE}.Release|Any CPU.Build.0 = Release|Any CPU
		{C7B59EFB-56E1-454A-9210-1C7A10F293CB}.Debug|Any CPU.ActiveCfg = Debug|Any CPU
		{C7B59EFB-56E1-454A-9210-1C7A10F293CB}.Debug|Any CPU.Build.0 = Debug|Any CPU
		{C7B59EFB-56E1-454A-9210-1C7A10F293CB}.Release|Any CPU.ActiveCfg = Release|Any CPU
		{C7B59EFB-56E1-454A-9210-1C7A10F293CB}.Release|Any CPU.Build.0 = Release|Any CPU
		{7208D652-BC34-4CA6-B0D4-F965E5DF9085}.Debug|Any CPU.ActiveCfg = Debug|Any CPU
		{7208D652-BC34-4CA6-B0D4-F965E5DF9085}.Debug|Any CPU.Build.0 = Debug|Any CPU
		{7208D652-BC34-4CA6-B0D4-F965E5DF9085}.Release|Any CPU.ActiveCfg = Release|Any CPU
		{7208D652-BC34-4CA6-B0D4-F965E5DF9085}.Release|Any CPU.Build.0 = Release|Any CPU
		{BB02B435-C75F-4B82-96EB-3CA736366061}.Debug|Any CPU.ActiveCfg = Debug|Any CPU
		{BB02B435-C75F-4B82-96EB-3CA736366061}.Debug|Any CPU.Build.0 = Debug|Any CPU
		{BB02B435-C75F-4B82-96EB-3CA736366061}.Release|Any CPU.ActiveCfg = Release|Any CPU
		{BB02B435-C75F-4B82-96EB-3CA736366061}.Release|Any CPU.Build.0 = Release|Any CPU
		{C3A5161F-D074-4FE6-B6D6-F4206E3357C5}.Debug|Any CPU.ActiveCfg = Debug|Any CPU
		{C3A5161F-D074-4FE6-B6D6-F4206E3357C5}.Debug|Any CPU.Build.0 = Debug|Any CPU
		{C3A5161F-D074-4FE6-B6D6-F4206E3357C5}.Release|Any CPU.ActiveCfg = Release|Any CPU
		{C3A5161F-D074-4FE6-B6D6-F4206E3357C5}.Release|Any CPU.Build.0 = Release|Any CPU
		{40B6F122-107F-4807-82CA-B4B710D9D72B}.Debug|Any CPU.ActiveCfg = Debug|Any CPU
		{40B6F122-107F-4807-82CA-B4B710D9D72B}.Debug|Any CPU.Build.0 = Debug|Any CPU
		{40B6F122-107F-4807-82CA-B4B710D9D72B}.Release|Any CPU.ActiveCfg = Release|Any CPU
		{40B6F122-107F-4807-82CA-B4B710D9D72B}.Release|Any CPU.Build.0 = Release|Any CPU
		{912CC180-1F6F-420B-BB6B-DABEA708C6C7}.Debug|Any CPU.ActiveCfg = Debug|Any CPU
		{912CC180-1F6F-420B-BB6B-DABEA708C6C7}.Debug|Any CPU.Build.0 = Debug|Any CPU
		{912CC180-1F6F-420B-BB6B-DABEA708C6C7}.Release|Any CPU.ActiveCfg = Release|Any CPU
		{912CC180-1F6F-420B-BB6B-DABEA708C6C7}.Release|Any CPU.Build.0 = Release|Any CPU
		{D82183DF-796A-4965-B601-5D720BE77240}.Debug|Any CPU.ActiveCfg = Debug|Any CPU
		{D82183DF-796A-4965-B601-5D720BE77240}.Debug|Any CPU.Build.0 = Debug|Any CPU
		{D82183DF-796A-4965-B601-5D720BE77240}.Release|Any CPU.ActiveCfg = Release|Any CPU
		{D82183DF-796A-4965-B601-5D720BE77240}.Release|Any CPU.Build.0 = Release|Any CPU
		{63BE8F0F-0848-4D37-AC8C-A2D0CA0014D0}.Debug|Any CPU.ActiveCfg = Debug|Any CPU
		{63BE8F0F-0848-4D37-AC8C-A2D0CA0014D0}.Debug|Any CPU.Build.0 = Debug|Any CPU
		{63BE8F0F-0848-4D37-AC8C-A2D0CA0014D0}.Release|Any CPU.ActiveCfg = Release|Any CPU
		{63BE8F0F-0848-4D37-AC8C-A2D0CA0014D0}.Release|Any CPU.Build.0 = Release|Any CPU
	EndGlobalSection
	GlobalSection(SolutionProperties) = preSolution
		HideSolutionNode = FALSE
	EndGlobalSection
	GlobalSection(ExtensibilityGlobals) = postSolution
		SolutionGuid = {2F4ED1C7-0C50-4FC0-A02D-811D291BDC6E}
	EndGlobalSection
EndGlobal
